
Microsoft Visual Studio Solution File, Format Version 12.00
# Visual Studio Version 16
VisualStudioVersion = 16.0.31729.503
MinimumVisualStudioVersion = 10.0.40219.1
Project("{FAE04EC0-301F-11D3-BF4B-00C04F79EFBC}") = "ProyectoToo", "ProyectoToo.csproj", "{4180C8D9-6454-4F06-BE0A-3B05EFC854DC}"
EndProject
Global
	GlobalSection(SolutionConfigurationPlatforms) = preSolution
		Debug|Any CPU = Debug|Any CPU
		Release|Any CPU = Release|Any CPU
	EndGlobalSection
	GlobalSection(ProjectConfigurationPlatforms) = postSolution
		{4180C8D9-6454-4F06-BE0A-3B05EFC854DC}.Debug|Any CPU.ActiveCfg = Debug|Any CPU
		{4180C8D9-6454-4F06-BE0A-3B05EFC854DC}.Debug|Any CPU.Build.0 = Debug|Any CPU
		{4180C8D9-6454-4F06-BE0A-3B05EFC854DC}.Release|Any CPU.ActiveCfg = Release|Any CPU
		{4180C8D9-6454-4F06-BE0A-3B05EFC854DC}.Release|Any CPU.Build.0 = Release|Any CPU
	EndGlobalSection
	GlobalSection(SolutionProperties) = preSolution
		HideSolutionNode = FALSE
	EndGlobalSection
	GlobalSection(ExtensibilityGlobals) = postSolution
		SolutionGuid = {795A9A6C-3EE6-4642-A969-AEC90823CB0A}
	EndGlobalSection
EndGlobal
